// !$*UTF8*$!
{
	archiveVersion = 1;
	classes = {
	};
	objectVersion = 51;
	objects = {

/* Begin PBXBuildFile section */
		4347A65DC6FD326CB02A4567 /* Pods_TinderAppTests.framework in Frameworks */ = {isa = PBXBuildFile; fileRef = 7FB6FCA0B5CD1100DD9959D8 /* Pods_TinderAppTests.framework */; };
		7A16174B2517810E002C4BDE /* AppDelegate.swift in Sources */ = {isa = PBXBuildFile; fileRef = 7A16174A2517810E002C4BDE /* AppDelegate.swift */; };
		7A16174F2517810E002C4BDE /* ViewController.swift in Sources */ = {isa = PBXBuildFile; fileRef = 7A16174E2517810E002C4BDE /* ViewController.swift */; };
		7A1617522517810E002C4BDE /* Main.storyboard in Resources */ = {isa = PBXBuildFile; fileRef = 7A1617502517810E002C4BDE /* Main.storyboard */; };
		7A16175425178111002C4BDE /* Assets.xcassets in Resources */ = {isa = PBXBuildFile; fileRef = 7A16175325178111002C4BDE /* Assets.xcassets */; };
		7A16175725178111002C4BDE /* LaunchScreen.storyboard in Resources */ = {isa = PBXBuildFile; fileRef = 7A16175525178111002C4BDE /* LaunchScreen.storyboard */; };
		7A1617722517831E002C4BDE /* BaseViewController.swift in Sources */ = {isa = PBXBuildFile; fileRef = 7A1617712517831E002C4BDE /* BaseViewController.swift */; };
		7A16177525178343002C4BDE /* BaseViewModel.swift in Sources */ = {isa = PBXBuildFile; fileRef = 7A16177425178343002C4BDE /* BaseViewModel.swift */; };
		7A16177B2517837F002C4BDE /* BaseUIView.swift in Sources */ = {isa = PBXBuildFile; fileRef = 7A16177A2517837F002C4BDE /* BaseUIView.swift */; };
		7A16177D251783A5002C4BDE /* BaseCollectionViewCell.swift in Sources */ = {isa = PBXBuildFile; fileRef = 7A16177C251783A5002C4BDE /* BaseCollectionViewCell.swift */; };
		7A161782251783E7002C4BDE /* IconName.swift in Sources */ = {isa = PBXBuildFile; fileRef = 7A161781251783E7002C4BDE /* IconName.swift */; };
		7A161784251783F8002C4BDE /* ColorName.swift in Sources */ = {isa = PBXBuildFile; fileRef = 7A161783251783F8002C4BDE /* ColorName.swift */; };
		7A1617862517840C002C4BDE /* DefineString.swift in Sources */ = {isa = PBXBuildFile; fileRef = 7A1617852517840C002C4BDE /* DefineString.swift */; };
		7A1617882517841B002C4BDE /* FontName.swift in Sources */ = {isa = PBXBuildFile; fileRef = 7A1617872517841B002C4BDE /* FontName.swift */; };
		7A16178A2517842A002C4BDE /* ScreenSize.swift in Sources */ = {isa = PBXBuildFile; fileRef = 7A1617892517842A002C4BDE /* ScreenSize.swift */; };
		7A16178D2517844E002C4BDE /* UIView_Extension.swift in Sources */ = {isa = PBXBuildFile; fileRef = 7A16178C2517844E002C4BDE /* UIView_Extension.swift */; };
		7A16178F2517845C002C4BDE /* UIImage_Extension.swift in Sources */ = {isa = PBXBuildFile; fileRef = 7A16178E2517845C002C4BDE /* UIImage_Extension.swift */; };
		7A1617962517849F002C4BDE /* README.md in Resources */ = {isa = PBXBuildFile; fileRef = 7A1617942517849F002C4BDE /* README.md */; };
		7A1617972517849F002C4BDE /* UIView+Constraint.m in Sources */ = {isa = PBXBuildFile; fileRef = 7A1617952517849F002C4BDE /* UIView+Constraint.m */; };
		7A16179A25178541002C4BDE /* TinderListViewController.swift in Sources */ = {isa = PBXBuildFile; fileRef = 7A16179925178541002C4BDE /* TinderListViewController.swift */; };
		7A16179D25178659002C4BDE /* CardView.swift in Sources */ = {isa = PBXBuildFile; fileRef = 7A16179C25178659002C4BDE /* CardView.swift */; };
		7A1617A025178678002C4BDE /* CardListView.swift in Sources */ = {isa = PBXBuildFile; fileRef = 7A16179F25178678002C4BDE /* CardListView.swift */; };
		7A1617A32517869C002C4BDE /* MenuView.swift in Sources */ = {isa = PBXBuildFile; fileRef = 7A1617A22517869C002C4BDE /* MenuView.swift */; };
		7A1617A8251787E5002C4BDE /* UIColor_Extension.swift in Sources */ = {isa = PBXBuildFile; fileRef = 7A1617A7251787E5002C4BDE /* UIColor_Extension.swift */; };
		7A1617AD25179BED002C4BDE /* BaseModel.swift in Sources */ = {isa = PBXBuildFile; fileRef = 7A1617AC25179BED002C4BDE /* BaseModel.swift */; };
		7A1617B225179FC6002C4BDE /* BaseApiService.swift in Sources */ = {isa = PBXBuildFile; fileRef = 7A1617B125179FC6002C4BDE /* BaseApiService.swift */; };
		7A1617B52517A006002C4BDE /* AlamofireManager.swift in Sources */ = {isa = PBXBuildFile; fileRef = 7A1617B42517A005002C4BDE /* AlamofireManager.swift */; };
		7A1617B72517A023002C4BDE /* NetworkRequest.swift in Sources */ = {isa = PBXBuildFile; fileRef = 7A1617B62517A023002C4BDE /* NetworkRequest.swift */; };
		7A1617BA2517A048002C4BDE /* ErrorModel.swift in Sources */ = {isa = PBXBuildFile; fileRef = 7A1617B92517A048002C4BDE /* ErrorModel.swift */; };
		7A1617BD2517A0D4002C4BDE /* ErrorType.swift in Sources */ = {isa = PBXBuildFile; fileRef = 7A1617BC2517A0D4002C4BDE /* ErrorType.swift */; };
		7A1617BF2517A0EC002C4BDE /* ApiResponseData.swift in Sources */ = {isa = PBXBuildFile; fileRef = 7A1617BE2517A0EC002C4BDE /* ApiResponseData.swift */; };
		7A1617C22517A2DF002C4BDE /* TinderListApiService.swift in Sources */ = {isa = PBXBuildFile; fileRef = 7A1617C12517A2DF002C4BDE /* TinderListApiService.swift */; };
		7A1617C52517A437002C4BDE /* TinderListUriType.swift in Sources */ = {isa = PBXBuildFile; fileRef = 7A1617C42517A437002C4BDE /* TinderListUriType.swift */; };
		7A1617C82517A75A002C4BDE /* UserListModel.swift in Sources */ = {isa = PBXBuildFile; fileRef = 7A1617C72517A75A002C4BDE /* UserListModel.swift */; };
		7A1617CB2517AA8D002C4BDE /* TinderListViewModel.swift in Sources */ = {isa = PBXBuildFile; fileRef = 7A1617CA2517AA8D002C4BDE /* TinderListViewModel.swift */; };
		7A1617CE25188A96002C4BDE /* UserListParam.swift in Sources */ = {isa = PBXBuildFile; fileRef = 7A1617CD25188A96002C4BDE /* UserListParam.swift */; };
		7A1617D025188BDF002C4BDE /* Config.swift in Sources */ = {isa = PBXBuildFile; fileRef = 7A1617CF25188BDF002C4BDE /* Config.swift */; };
		7A1617D225188BFA002C4BDE /* String_Extension.swift in Sources */ = {isa = PBXBuildFile; fileRef = 7A1617D125188BFA002C4BDE /* String_Extension.swift */; };
		7A1617D525188E9C002C4BDE /* ErrorView.swift in Sources */ = {isa = PBXBuildFile; fileRef = 7A1617D425188E9C002C4BDE /* ErrorView.swift */; };
		7A1617D825189853002C4BDE /* LoadingView.swift in Sources */ = {isa = PBXBuildFile; fileRef = 7A1617D725189853002C4BDE /* LoadingView.swift */; };
		7A1617DA2518DFDA002C4BDE /* UserModel.swift in Sources */ = {isa = PBXBuildFile; fileRef = 7A1617D92518DFDA002C4BDE /* UserModel.swift */; };
		7A1617DC2518DFEF002C4BDE /* NameModel.swift in Sources */ = {isa = PBXBuildFile; fileRef = 7A1617DB2518DFEF002C4BDE /* NameModel.swift */; };
		7A1617DE2518E068002C4BDE /* BirthdayModel.swift in Sources */ = {isa = PBXBuildFile; fileRef = 7A1617DD2518E068002C4BDE /* BirthdayModel.swift */; };
		7A1617E02518E0D1002C4BDE /* LocationModel.swift in Sources */ = {isa = PBXBuildFile; fileRef = 7A1617DF2518E0D1002C4BDE /* LocationModel.swift */; };
		7A1617E22518E0E3002C4BDE /* StreetModel.swift in Sources */ = {isa = PBXBuildFile; fileRef = 7A1617E12518E0E3002C4BDE /* StreetModel.swift */; };
		7A1617E42518E0FB002C4BDE /* AvatarModel.swift in Sources */ = {isa = PBXBuildFile; fileRef = 7A1617E32518E0FB002C4BDE /* AvatarModel.swift */; };
		7A1617E72518E6F5002C4BDE /* BirthdayTransform.swift in Sources */ = {isa = PBXBuildFile; fileRef = 7A1617E62518E6F5002C4BDE /* BirthdayTransform.swift */; };
		7A52DB0825190C6300D45169 /* AppRouter.swift in Sources */ = {isa = PBXBuildFile; fileRef = 7A52DB0725190C6300D45169 /* AppRouter.swift */; };
		7A52DB0A25190E5C00D45169 /* UIApplication_Extension.swift in Sources */ = {isa = PBXBuildFile; fileRef = 7A52DB0925190E5C00D45169 /* UIApplication_Extension.swift */; };
		7A52DB0D251A4CC600D45169 /* LocalFavoriteListManager.swift in Sources */ = {isa = PBXBuildFile; fileRef = 7A52DB0C251A4CC600D45169 /* LocalFavoriteListManager.swift */; };
		7A52DB0F251BAA7400D45169 /* Realm_Extension.swift in Sources */ = {isa = PBXBuildFile; fileRef = 7A52DB0E251BAA7400D45169 /* Realm_Extension.swift */; };
		7A52DB11251BAC6300D45169 /* LoadingDataType.swift in Sources */ = {isa = PBXBuildFile; fileRef = 7A52DB10251BAC6300D45169 /* LoadingDataType.swift */; };
		7A52DB64251CF56300D45169 /* TinderAppTests.swift in Sources */ = {isa = PBXBuildFile; fileRef = 7A52DB63251CF56300D45169 /* TinderAppTests.swift */; };
		7A815C18251D0B4400D24645 /* TinderAppUITests.swift in Sources */ = {isa = PBXBuildFile; fileRef = 7A815C17251D0B4400D24645 /* TinderAppUITests.swift */; };
		7AD274AA2518EE7D00AC8224 /* Date_Extension.swift in Sources */ = {isa = PBXBuildFile; fileRef = 7AD274A92518EE7D00AC8224 /* Date_Extension.swift */; };
		7AD274AC2518EEEB00AC8224 /* DefineName.swift in Sources */ = {isa = PBXBuildFile; fileRef = 7AD274AB2518EEEB00AC8224 /* DefineName.swift */; };
		7AD274AE2518F31400AC8224 /* MenuBarItemType.swift in Sources */ = {isa = PBXBuildFile; fileRef = 7AD274AD2518F31400AC8224 /* MenuBarItemType.swift */; };
		7AD274B12519043000AC8224 /* FavoriteListViewController.swift in Sources */ = {isa = PBXBuildFile; fileRef = 7AD274B02519043000AC8224 /* FavoriteListViewController.swift */; };
		7AD274B42519047300AC8224 /* FavoriteListViewModel.swift in Sources */ = {isa = PBXBuildFile; fileRef = 7AD274B32519047300AC8224 /* FavoriteListViewModel.swift */; };
		7AD274B62519058E00AC8224 /* BaseTableViewCell.swift in Sources */ = {isa = PBXBuildFile; fileRef = 7AD274B52519058E00AC8224 /* BaseTableViewCell.swift */; };
		7AD274BA251906DA00AC8224 /* MenuCollectionViewCell.swift in Sources */ = {isa = PBXBuildFile; fileRef = 7AD274B9251906DA00AC8224 /* MenuCollectionViewCell.swift */; };
		7AD274BC2519071C00AC8224 /* UserInfoTableViewCell.swift in Sources */ = {isa = PBXBuildFile; fileRef = 7AD274BB2519071C00AC8224 /* UserInfoTableViewCell.swift */; };
		7AFE0168251D13EB00D476A8 /* TestStringExtension.swift in Sources */ = {isa = PBXBuildFile; fileRef = 7AFE0167251D13EB00D476A8 /* TestStringExtension.swift */; };
		7AFE016A251D144F00D476A8 /* TestColorExtension.swift in Sources */ = {isa = PBXBuildFile; fileRef = 7AFE0169251D144F00D476A8 /* TestColorExtension.swift */; };
		7AFE016C251D149E00D476A8 /* TestUImageExtension.swift in Sources */ = {isa = PBXBuildFile; fileRef = 7AFE016B251D149E00D476A8 /* TestUImageExtension.swift */; };
		7AFE016E251D14CC00D476A8 /* TestFontExtension.swift in Sources */ = {isa = PBXBuildFile; fileRef = 7AFE016D251D14CC00D476A8 /* TestFontExtension.swift */; };
		7AFE0170251D14FC00D476A8 /* TestTinderListApiService.swift in Sources */ = {isa = PBXBuildFile; fileRef = 7AFE016F251D14FC00D476A8 /* TestTinderListApiService.swift */; };
		B984A7466E487D201CE147B5 /* Pods_TinderApp.framework in Frameworks */ = {isa = PBXBuildFile; fileRef = 0C17E887E0C8681364600037 /* Pods_TinderApp.framework */; };
/* End PBXBuildFile section */

/* Begin PBXContainerItemProxy section */
		7A52DB66251CF56300D45169 /* PBXContainerItemProxy */ = {
			isa = PBXContainerItemProxy;
			containerPortal = 7A16173F2517810E002C4BDE /* Project object */;
			proxyType = 1;
			remoteGlobalIDString = 7A1617462517810E002C4BDE;
			remoteInfo = TinderApp;
		};
		7A815C1A251D0B4400D24645 /* PBXContainerItemProxy */ = {
			isa = PBXContainerItemProxy;
			containerPortal = 7A16173F2517810E002C4BDE /* Project object */;
			proxyType = 1;
			remoteGlobalIDString = 7A1617462517810E002C4BDE;
			remoteInfo = TinderApp;
		};
/* End PBXContainerItemProxy section */

/* Begin PBXFileReference section */
		0C17E887E0C8681364600037 /* Pods_TinderApp.framework */ = {isa = PBXFileReference; explicitFileType = wrapper.framework; includeInIndex = 0; path = Pods_TinderApp.framework; sourceTree = BUILT_PRODUCTS_DIR; };
		24172918F6453613C30CFB2D /* Pods-TinderApp.debug.xcconfig */ = {isa = PBXFileReference; includeInIndex = 1; lastKnownFileType = text.xcconfig; name = "Pods-TinderApp.debug.xcconfig"; path = "Target Support Files/Pods-TinderApp/Pods-TinderApp.debug.xcconfig"; sourceTree = "<group>"; };
		4E8948923A89F8A60D55D848 /* Pods-TinderAppTests.debug.xcconfig */ = {isa = PBXFileReference; includeInIndex = 1; lastKnownFileType = text.xcconfig; name = "Pods-TinderAppTests.debug.xcconfig"; path = "Target Support Files/Pods-TinderAppTests/Pods-TinderAppTests.debug.xcconfig"; sourceTree = "<group>"; };
		7A1617472517810E002C4BDE /* TinderApp.app */ = {isa = PBXFileReference; explicitFileType = wrapper.application; includeInIndex = 0; path = TinderApp.app; sourceTree = BUILT_PRODUCTS_DIR; };
		7A16174A2517810E002C4BDE /* AppDelegate.swift */ = {isa = PBXFileReference; lastKnownFileType = sourcecode.swift; path = AppDelegate.swift; sourceTree = "<group>"; };
		7A16174E2517810E002C4BDE /* ViewController.swift */ = {isa = PBXFileReference; lastKnownFileType = sourcecode.swift; path = ViewController.swift; sourceTree = "<group>"; };
		7A1617512517810E002C4BDE /* Base */ = {isa = PBXFileReference; lastKnownFileType = file.storyboard; name = Base; path = Base.lproj/Main.storyboard; sourceTree = "<group>"; };
		7A16175325178111002C4BDE /* Assets.xcassets */ = {isa = PBXFileReference; lastKnownFileType = folder.assetcatalog; path = Assets.xcassets; sourceTree = "<group>"; };
		7A16175625178111002C4BDE /* Base */ = {isa = PBXFileReference; lastKnownFileType = file.storyboard; name = Base; path = Base.lproj/LaunchScreen.storyboard; sourceTree = "<group>"; };
		7A16175825178111002C4BDE /* Info.plist */ = {isa = PBXFileReference; lastKnownFileType = text.plist.xml; path = Info.plist; sourceTree = "<group>"; };
		7A1617712517831E002C4BDE /* BaseViewController.swift */ = {isa = PBXFileReference; lastKnownFileType = sourcecode.swift; path = BaseViewController.swift; sourceTree = "<group>"; };
		7A16177425178343002C4BDE /* BaseViewModel.swift */ = {isa = PBXFileReference; lastKnownFileType = sourcecode.swift; path = BaseViewModel.swift; sourceTree = "<group>"; };
		7A16177A2517837F002C4BDE /* BaseUIView.swift */ = {isa = PBXFileReference; lastKnownFileType = sourcecode.swift; path = BaseUIView.swift; sourceTree = "<group>"; };
		7A16177C251783A5002C4BDE /* BaseCollectionViewCell.swift */ = {isa = PBXFileReference; lastKnownFileType = sourcecode.swift; path = BaseCollectionViewCell.swift; sourceTree = "<group>"; };
		7A161781251783E7002C4BDE /* IconName.swift */ = {isa = PBXFileReference; lastKnownFileType = sourcecode.swift; path = IconName.swift; sourceTree = "<group>"; };
		7A161783251783F8002C4BDE /* ColorName.swift */ = {isa = PBXFileReference; lastKnownFileType = sourcecode.swift; path = ColorName.swift; sourceTree = "<group>"; };
		7A1617852517840C002C4BDE /* DefineString.swift */ = {isa = PBXFileReference; lastKnownFileType = sourcecode.swift; path = DefineString.swift; sourceTree = "<group>"; };
		7A1617872517841B002C4BDE /* FontName.swift */ = {isa = PBXFileReference; lastKnownFileType = sourcecode.swift; path = FontName.swift; sourceTree = "<group>"; };
		7A1617892517842A002C4BDE /* ScreenSize.swift */ = {isa = PBXFileReference; lastKnownFileType = sourcecode.swift; path = ScreenSize.swift; sourceTree = "<group>"; };
		7A16178C2517844E002C4BDE /* UIView_Extension.swift */ = {isa = PBXFileReference; lastKnownFileType = sourcecode.swift; path = UIView_Extension.swift; sourceTree = "<group>"; };
		7A16178E2517845C002C4BDE /* UIImage_Extension.swift */ = {isa = PBXFileReference; lastKnownFileType = sourcecode.swift; path = UIImage_Extension.swift; sourceTree = "<group>"; };
		7A1617922517849F002C4BDE /* TinderApp-Bridging-Header.h */ = {isa = PBXFileReference; lastKnownFileType = sourcecode.c.h; path = "TinderApp-Bridging-Header.h"; sourceTree = "<group>"; };
		7A1617932517849F002C4BDE /* UIView+Constraint.h */ = {isa = PBXFileReference; fileEncoding = 4; lastKnownFileType = sourcecode.c.h; path = "UIView+Constraint.h"; sourceTree = "<group>"; };
		7A1617942517849F002C4BDE /* README.md */ = {isa = PBXFileReference; fileEncoding = 4; lastKnownFileType = net.daringfireball.markdown; path = README.md; sourceTree = "<group>"; };
		7A1617952517849F002C4BDE /* UIView+Constraint.m */ = {isa = PBXFileReference; fileEncoding = 4; lastKnownFileType = sourcecode.c.objc; path = "UIView+Constraint.m"; sourceTree = "<group>"; };
		7A16179925178541002C4BDE /* TinderListViewController.swift */ = {isa = PBXFileReference; lastKnownFileType = sourcecode.swift; path = TinderListViewController.swift; sourceTree = "<group>"; };
		7A16179C25178659002C4BDE /* CardView.swift */ = {isa = PBXFileReference; lastKnownFileType = sourcecode.swift; path = CardView.swift; sourceTree = "<group>"; };
		7A16179F25178678002C4BDE /* CardListView.swift */ = {isa = PBXFileReference; lastKnownFileType = sourcecode.swift; path = CardListView.swift; sourceTree = "<group>"; };
		7A1617A22517869C002C4BDE /* MenuView.swift */ = {isa = PBXFileReference; lastKnownFileType = sourcecode.swift; path = MenuView.swift; sourceTree = "<group>"; };
		7A1617A7251787E5002C4BDE /* UIColor_Extension.swift */ = {isa = PBXFileReference; lastKnownFileType = sourcecode.swift; path = UIColor_Extension.swift; sourceTree = "<group>"; };
		7A1617AC25179BED002C4BDE /* BaseModel.swift */ = {isa = PBXFileReference; lastKnownFileType = sourcecode.swift; path = BaseModel.swift; sourceTree = "<group>"; };
		7A1617B125179FC6002C4BDE /* BaseApiService.swift */ = {isa = PBXFileReference; lastKnownFileType = sourcecode.swift; path = BaseApiService.swift; sourceTree = "<group>"; };
		7A1617B42517A005002C4BDE /* AlamofireManager.swift */ = {isa = PBXFileReference; lastKnownFileType = sourcecode.swift; path = AlamofireManager.swift; sourceTree = "<group>"; };
		7A1617B62517A023002C4BDE /* NetworkRequest.swift */ = {isa = PBXFileReference; lastKnownFileType = sourcecode.swift; path = NetworkRequest.swift; sourceTree = "<group>"; };
		7A1617B92517A048002C4BDE /* ErrorModel.swift */ = {isa = PBXFileReference; lastKnownFileType = sourcecode.swift; path = ErrorModel.swift; sourceTree = "<group>"; };
		7A1617BC2517A0D4002C4BDE /* ErrorType.swift */ = {isa = PBXFileReference; lastKnownFileType = sourcecode.swift; path = ErrorType.swift; sourceTree = "<group>"; };
		7A1617BE2517A0EC002C4BDE /* ApiResponseData.swift */ = {isa = PBXFileReference; lastKnownFileType = sourcecode.swift; path = ApiResponseData.swift; sourceTree = "<group>"; };
		7A1617C12517A2DF002C4BDE /* TinderListApiService.swift */ = {isa = PBXFileReference; lastKnownFileType = sourcecode.swift; path = TinderListApiService.swift; sourceTree = "<group>"; };
		7A1617C42517A437002C4BDE /* TinderListUriType.swift */ = {isa = PBXFileReference; lastKnownFileType = sourcecode.swift; path = TinderListUriType.swift; sourceTree = "<group>"; };
		7A1617C72517A75A002C4BDE /* UserListModel.swift */ = {isa = PBXFileReference; lastKnownFileType = sourcecode.swift; path = UserListModel.swift; sourceTree = "<group>"; };
		7A1617CA2517AA8D002C4BDE /* TinderListViewModel.swift */ = {isa = PBXFileReference; lastKnownFileType = sourcecode.swift; path = TinderListViewModel.swift; sourceTree = "<group>"; };
		7A1617CD25188A96002C4BDE /* UserListParam.swift */ = {isa = PBXFileReference; lastKnownFileType = sourcecode.swift; path = UserListParam.swift; sourceTree = "<group>"; };
		7A1617CF25188BDF002C4BDE /* Config.swift */ = {isa = PBXFileReference; lastKnownFileType = sourcecode.swift; path = Config.swift; sourceTree = "<group>"; };
		7A1617D125188BFA002C4BDE /* String_Extension.swift */ = {isa = PBXFileReference; lastKnownFileType = sourcecode.swift; path = String_Extension.swift; sourceTree = "<group>"; };
		7A1617D425188E9C002C4BDE /* ErrorView.swift */ = {isa = PBXFileReference; lastKnownFileType = sourcecode.swift; path = ErrorView.swift; sourceTree = "<group>"; };
		7A1617D725189853002C4BDE /* LoadingView.swift */ = {isa = PBXFileReference; lastKnownFileType = sourcecode.swift; path = LoadingView.swift; sourceTree = "<group>"; };
		7A1617D92518DFDA002C4BDE /* UserModel.swift */ = {isa = PBXFileReference; lastKnownFileType = sourcecode.swift; path = UserModel.swift; sourceTree = "<group>"; };
		7A1617DB2518DFEF002C4BDE /* NameModel.swift */ = {isa = PBXFileReference; lastKnownFileType = sourcecode.swift; path = NameModel.swift; sourceTree = "<group>"; };
		7A1617DD2518E068002C4BDE /* BirthdayModel.swift */ = {isa = PBXFileReference; lastKnownFileType = sourcecode.swift; path = BirthdayModel.swift; sourceTree = "<group>"; };
		7A1617DF2518E0D1002C4BDE /* LocationModel.swift */ = {isa = PBXFileReference; lastKnownFileType = sourcecode.swift; path = LocationModel.swift; sourceTree = "<group>"; };
		7A1617E12518E0E3002C4BDE /* StreetModel.swift */ = {isa = PBXFileReference; lastKnownFileType = sourcecode.swift; path = StreetModel.swift; sourceTree = "<group>"; };
		7A1617E32518E0FB002C4BDE /* AvatarModel.swift */ = {isa = PBXFileReference; lastKnownFileType = sourcecode.swift; path = AvatarModel.swift; sourceTree = "<group>"; };
		7A1617E62518E6F5002C4BDE /* BirthdayTransform.swift */ = {isa = PBXFileReference; lastKnownFileType = sourcecode.swift; path = BirthdayTransform.swift; sourceTree = "<group>"; };
		7A52DB0725190C6300D45169 /* AppRouter.swift */ = {isa = PBXFileReference; lastKnownFileType = sourcecode.swift; path = AppRouter.swift; sourceTree = "<group>"; };
		7A52DB0925190E5C00D45169 /* UIApplication_Extension.swift */ = {isa = PBXFileReference; lastKnownFileType = sourcecode.swift; path = UIApplication_Extension.swift; sourceTree = "<group>"; };
		7A52DB0C251A4CC600D45169 /* LocalFavoriteListManager.swift */ = {isa = PBXFileReference; lastKnownFileType = sourcecode.swift; path = LocalFavoriteListManager.swift; sourceTree = "<group>"; };
		7A52DB0E251BAA7400D45169 /* Realm_Extension.swift */ = {isa = PBXFileReference; lastKnownFileType = sourcecode.swift; path = Realm_Extension.swift; sourceTree = "<group>"; };
		7A52DB10251BAC6300D45169 /* LoadingDataType.swift */ = {isa = PBXFileReference; lastKnownFileType = sourcecode.swift; path = LoadingDataType.swift; sourceTree = "<group>"; };
		7A52DB61251CF56300D45169 /* TinderAppTests.xctest */ = {isa = PBXFileReference; explicitFileType = wrapper.cfbundle; includeInIndex = 0; path = TinderAppTests.xctest; sourceTree = BUILT_PRODUCTS_DIR; };
		7A52DB63251CF56300D45169 /* TinderAppTests.swift */ = {isa = PBXFileReference; lastKnownFileType = sourcecode.swift; path = TinderAppTests.swift; sourceTree = "<group>"; };
		7A52DB65251CF56300D45169 /* Info.plist */ = {isa = PBXFileReference; lastKnownFileType = text.plist.xml; path = Info.plist; sourceTree = "<group>"; };
		7A815C15251D0B4400D24645 /* TinderAppUITests.xctest */ = {isa = PBXFileReference; explicitFileType = wrapper.cfbundle; includeInIndex = 0; path = TinderAppUITests.xctest; sourceTree = BUILT_PRODUCTS_DIR; };
		7A815C17251D0B4400D24645 /* TinderAppUITests.swift */ = {isa = PBXFileReference; lastKnownFileType = sourcecode.swift; path = TinderAppUITests.swift; sourceTree = "<group>"; };
		7A815C19251D0B4400D24645 /* Info.plist */ = {isa = PBXFileReference; lastKnownFileType = text.plist.xml; path = Info.plist; sourceTree = "<group>"; };
		7AD274A92518EE7D00AC8224 /* Date_Extension.swift */ = {isa = PBXFileReference; lastKnownFileType = sourcecode.swift; path = Date_Extension.swift; sourceTree = "<group>"; };
		7AD274AB2518EEEB00AC8224 /* DefineName.swift */ = {isa = PBXFileReference; lastKnownFileType = sourcecode.swift; path = DefineName.swift; sourceTree = "<group>"; };
		7AD274AD2518F31400AC8224 /* MenuBarItemType.swift */ = {isa = PBXFileReference; lastKnownFileType = sourcecode.swift; path = MenuBarItemType.swift; sourceTree = "<group>"; };
		7AD274B02519043000AC8224 /* FavoriteListViewController.swift */ = {isa = PBXFileReference; lastKnownFileType = sourcecode.swift; path = FavoriteListViewController.swift; sourceTree = "<group>"; };
		7AD274B32519047300AC8224 /* FavoriteListViewModel.swift */ = {isa = PBXFileReference; lastKnownFileType = sourcecode.swift; path = FavoriteListViewModel.swift; sourceTree = "<group>"; };
		7AD274B52519058E00AC8224 /* BaseTableViewCell.swift */ = {isa = PBXFileReference; lastKnownFileType = sourcecode.swift; path = BaseTableViewCell.swift; sourceTree = "<group>"; };
		7AD274B9251906DA00AC8224 /* MenuCollectionViewCell.swift */ = {isa = PBXFileReference; fileEncoding = 4; lastKnownFileType = sourcecode.swift; path = MenuCollectionViewCell.swift; sourceTree = "<group>"; };
		7AD274BB2519071C00AC8224 /* UserInfoTableViewCell.swift */ = {isa = PBXFileReference; lastKnownFileType = sourcecode.swift; path = UserInfoTableViewCell.swift; sourceTree = "<group>"; };
		7AFE0167251D13EB00D476A8 /* TestStringExtension.swift */ = {isa = PBXFileReference; lastKnownFileType = sourcecode.swift; path = TestStringExtension.swift; sourceTree = "<group>"; };
		7AFE0169251D144F00D476A8 /* TestColorExtension.swift */ = {isa = PBXFileReference; lastKnownFileType = sourcecode.swift; path = TestColorExtension.swift; sourceTree = "<group>"; };
		7AFE016B251D149E00D476A8 /* TestUImageExtension.swift */ = {isa = PBXFileReference; lastKnownFileType = sourcecode.swift; path = TestUImageExtension.swift; sourceTree = "<group>"; };
		7AFE016D251D14CC00D476A8 /* TestFontExtension.swift */ = {isa = PBXFileReference; lastKnownFileType = sourcecode.swift; path = TestFontExtension.swift; sourceTree = "<group>"; };
		7AFE016F251D14FC00D476A8 /* TestTinderListApiService.swift */ = {isa = PBXFileReference; lastKnownFileType = sourcecode.swift; path = TestTinderListApiService.swift; sourceTree = "<group>"; };
		7D8F56152AD7B9347141043D /* Pods-TinderApp.release.xcconfig */ = {isa = PBXFileReference; includeInIndex = 1; lastKnownFileType = text.xcconfig; name = "Pods-TinderApp.release.xcconfig"; path = "Target Support Files/Pods-TinderApp/Pods-TinderApp.release.xcconfig"; sourceTree = "<group>"; };
		7FB6FCA0B5CD1100DD9959D8 /* Pods_TinderAppTests.framework */ = {isa = PBXFileReference; explicitFileType = wrapper.framework; includeInIndex = 0; path = Pods_TinderAppTests.framework; sourceTree = BUILT_PRODUCTS_DIR; };
		A6842CABE413D4BB92599889 /* Pods-TinderAppTests.release.xcconfig */ = {isa = PBXFileReference; includeInIndex = 1; lastKnownFileType = text.xcconfig; name = "Pods-TinderAppTests.release.xcconfig"; path = "Target Support Files/Pods-TinderAppTests/Pods-TinderAppTests.release.xcconfig"; sourceTree = "<group>"; };
/* End PBXFileReference section */

/* Begin PBXFrameworksBuildPhase section */
		7A1617442517810E002C4BDE /* Frameworks */ = {
			isa = PBXFrameworksBuildPhase;
			buildActionMask = 2147483647;
			files = (
				B984A7466E487D201CE147B5 /* Pods_TinderApp.framework in Frameworks */,
			);
			runOnlyForDeploymentPostprocessing = 0;
		};
		7A52DB5E251CF56300D45169 /* Frameworks */ = {
			isa = PBXFrameworksBuildPhase;
			buildActionMask = 2147483647;
			files = (
				4347A65DC6FD326CB02A4567 /* Pods_TinderAppTests.framework in Frameworks */,
			);
			runOnlyForDeploymentPostprocessing = 0;
		};
		7A815C12251D0B4400D24645 /* Frameworks */ = {
			isa = PBXFrameworksBuildPhase;
			buildActionMask = 2147483647;
			files = (
			);
			runOnlyForDeploymentPostprocessing = 0;
		};
/* End PBXFrameworksBuildPhase section */

/* Begin PBXGroup section */
		4981D6FA4CB39F6CD6E044A1 /* Frameworks */ = {
			isa = PBXGroup;
			children = (
				0C17E887E0C8681364600037 /* Pods_TinderApp.framework */,
				7FB6FCA0B5CD1100DD9959D8 /* Pods_TinderAppTests.framework */,
			);
			name = Frameworks;
			sourceTree = "<group>";
		};
		7A16173E2517810E002C4BDE = {
			isa = PBXGroup;
			children = (
				7A1617492517810E002C4BDE /* TinderApp */,
				7A52DB62251CF56300D45169 /* TinderAppTests */,
				7A815C16251D0B4400D24645 /* TinderAppUITests */,
				7A1617482517810E002C4BDE /* Products */,
				D5BF372A802118993301BDEA /* Pods */,
				4981D6FA4CB39F6CD6E044A1 /* Frameworks */,
			);
			sourceTree = "<group>";
		};
		7A1617482517810E002C4BDE /* Products */ = {
			isa = PBXGroup;
			children = (
				7A1617472517810E002C4BDE /* TinderApp.app */,
				7A52DB61251CF56300D45169 /* TinderAppTests.xctest */,
				7A815C15251D0B4400D24645 /* TinderAppUITests.xctest */,
			);
			name = Products;
			sourceTree = "<group>";
		};
		7A1617492517810E002C4BDE /* TinderApp */ = {
			isa = PBXGroup;
			children = (
				7A52DB0B251A4CB200D45169 /* Database */,
				7A1617A925179BC6002C4BDE /* Networking */,
				7A16179025178480002C4BDE /* Libraries */,
				7A16178B25178442002C4BDE /* Extension */,
				7A16177E251783D0002C4BDE /* Common */,
				7A16176C251782DE002C4BDE /* MVVM */,
				7A16174A2517810E002C4BDE /* AppDelegate.swift */,
				7A16174E2517810E002C4BDE /* ViewController.swift */,
				7A1617502517810E002C4BDE /* Main.storyboard */,
				7A16175325178111002C4BDE /* Assets.xcassets */,
				7A16175525178111002C4BDE /* LaunchScreen.storyboard */,
				7A16175825178111002C4BDE /* Info.plist */,
			);
			path = TinderApp;
			sourceTree = "<group>";
		};
		7A16176C251782DE002C4BDE /* MVVM */ = {
			isa = PBXGroup;
			children = (
				7A16176D251782E4002C4BDE /* ViewModel */,
				7A16176E251782F3002C4BDE /* View */,
				7A16176F251782F8002C4BDE /* ViewController */,
			);
			path = MVVM;
			sourceTree = "<group>";
		};
		7A16176D251782E4002C4BDE /* ViewModel */ = {
			isa = PBXGroup;
			children = (
				7AD274B22519045F00AC8224 /* FavoriteList */,
				7A1617C92517AA80002C4BDE /* TinderList */,
				7A16177325178339002C4BDE /* Base */,
			);
			path = ViewModel;
			sourceTree = "<group>";
		};
		7A16176E251782F3002C4BDE /* View */ = {
			isa = PBXGroup;
			children = (
				7A16177625178357002C4BDE /* ViewCell */,
				7A1617772517835E002C4BDE /* CustomView */,
			);
			path = View;
			sourceTree = "<group>";
		};
		7A16176F251782F8002C4BDE /* ViewController */ = {
			isa = PBXGroup;
			children = (
				7AD274AF2519041A00AC8224 /* FavoriteList */,
				7A16179825178511002C4BDE /* TinderList */,
				7A1617702517830D002C4BDE /* Base */,
			);
			path = ViewController;
			sourceTree = "<group>";
		};
		7A1617702517830D002C4BDE /* Base */ = {
			isa = PBXGroup;
			children = (
				7A1617712517831E002C4BDE /* BaseViewController.swift */,
			);
			path = Base;
			sourceTree = "<group>";
		};
		7A16177325178339002C4BDE /* Base */ = {
			isa = PBXGroup;
			children = (
				7A16177425178343002C4BDE /* BaseViewModel.swift */,
			);
			path = Base;
			sourceTree = "<group>";
		};
		7A16177625178357002C4BDE /* ViewCell */ = {
			isa = PBXGroup;
			children = (
				7AD274B8251905A400AC8224 /* FavoriteList */,
				7AD274B72519059B00AC8224 /* TinderList */,
				7A16177825178371002C4BDE /* Base */,
			);
			path = ViewCell;
			sourceTree = "<group>";
		};
		7A1617772517835E002C4BDE /* CustomView */ = {
			isa = PBXGroup;
			children = (
				7A1617D625189848002C4BDE /* LoadingView */,
				7A1617D325188E91002C4BDE /* ErrorView */,
				7A1617A12517868F002C4BDE /* MenuView */,
				7A16179E2517866C002C4BDE /* CardListView */,
				7A16179B25178645002C4BDE /* CardView */,
				7A16177925178376002C4BDE /* Base */,
			);
			path = CustomView;
			sourceTree = "<group>";
		};
		7A16177825178371002C4BDE /* Base */ = {
			isa = PBXGroup;
			children = (
				7A16177C251783A5002C4BDE /* BaseCollectionViewCell.swift */,
				7AD274B52519058E00AC8224 /* BaseTableViewCell.swift */,
			);
			path = Base;
			sourceTree = "<group>";
		};
		7A16177925178376002C4BDE /* Base */ = {
			isa = PBXGroup;
			children = (
				7A16177A2517837F002C4BDE /* BaseUIView.swift */,
			);
			path = Base;
			sourceTree = "<group>";
		};
		7A16177E251783D0002C4BDE /* Common */ = {
			isa = PBXGroup;
			children = (
				7A52DB0625190C5400D45169 /* Router */,
				7A1617BB2517A0BE002C4BDE /* EnumDefine */,
				7A16177F251783D6002C4BDE /* Define */,
				7A1617CF25188BDF002C4BDE /* Config.swift */,
			);
			path = Common;
			sourceTree = "<group>";
		};
		7A16177F251783D6002C4BDE /* Define */ = {
			isa = PBXGroup;
			children = (
				7A161781251783E7002C4BDE /* IconName.swift */,
				7A161783251783F8002C4BDE /* ColorName.swift */,
				7A1617852517840C002C4BDE /* DefineString.swift */,
				7A1617872517841B002C4BDE /* FontName.swift */,
				7A1617892517842A002C4BDE /* ScreenSize.swift */,
				7AD274AB2518EEEB00AC8224 /* DefineName.swift */,
			);
			path = Define;
			sourceTree = "<group>";
		};
		7A16178B25178442002C4BDE /* Extension */ = {
			isa = PBXGroup;
			children = (
				7A16178C2517844E002C4BDE /* UIView_Extension.swift */,
				7A16178E2517845C002C4BDE /* UIImage_Extension.swift */,
				7A1617A7251787E5002C4BDE /* UIColor_Extension.swift */,
				7A1617D125188BFA002C4BDE /* String_Extension.swift */,
				7AD274A92518EE7D00AC8224 /* Date_Extension.swift */,
				7A52DB0925190E5C00D45169 /* UIApplication_Extension.swift */,
				7A52DB0E251BAA7400D45169 /* Realm_Extension.swift */,
			);
			path = Extension;
			sourceTree = "<group>";
		};
		7A16179025178480002C4BDE /* Libraries */ = {
			isa = PBXGroup;
			children = (
				7A1617B325179FFA002C4BDE /* Alamofire */,
				7A16179125178486002C4BDE /* UIView+Constraint */,
			);
			path = Libraries;
			sourceTree = "<group>";
		};
		7A16179125178486002C4BDE /* UIView+Constraint */ = {
			isa = PBXGroup;
			children = (
				7A1617942517849F002C4BDE /* README.md */,
				7A1617932517849F002C4BDE /* UIView+Constraint.h */,
				7A1617952517849F002C4BDE /* UIView+Constraint.m */,
				7A1617922517849F002C4BDE /* TinderApp-Bridging-Header.h */,
			);
			path = "UIView+Constraint";
			sourceTree = "<group>";
		};
		7A16179825178511002C4BDE /* TinderList */ = {
			isa = PBXGroup;
			children = (
				7A16179925178541002C4BDE /* TinderListViewController.swift */,
			);
			path = TinderList;
			sourceTree = "<group>";
		};
		7A16179B25178645002C4BDE /* CardView */ = {
			isa = PBXGroup;
			children = (
				7A16179C25178659002C4BDE /* CardView.swift */,
			);
			path = CardView;
			sourceTree = "<group>";
		};
		7A16179E2517866C002C4BDE /* CardListView */ = {
			isa = PBXGroup;
			children = (
				7A16179F25178678002C4BDE /* CardListView.swift */,
			);
			path = CardListView;
			sourceTree = "<group>";
		};
		7A1617A12517868F002C4BDE /* MenuView */ = {
			isa = PBXGroup;
			children = (
				7A1617A22517869C002C4BDE /* MenuView.swift */,
			);
			path = MenuView;
			sourceTree = "<group>";
		};
		7A1617A4251786BE002C4BDE /* MenuCollectionViewCell */ = {
			isa = PBXGroup;
			children = (
				7AD274B9251906DA00AC8224 /* MenuCollectionViewCell.swift */,
			);
			path = MenuCollectionViewCell;
			sourceTree = "<group>";
		};
		7A1617A925179BC6002C4BDE /* Networking */ = {
			isa = PBXGroup;
			children = (
				7A1617AE25179FAA002C4BDE /* ApiService */,
				7A1617AA25179BDC002C4BDE /* Model */,
			);
			path = Networking;
			sourceTree = "<group>";
		};
		7A1617AA25179BDC002C4BDE /* Model */ = {
			isa = PBXGroup;
			children = (
				7A1617E52518E6E7002C4BDE /* Transform */,
				7A1617CC25188A86002C4BDE /* Param */,
				7A1617C62517A65D002C4BDE /* TinderList */,
				7A1617B82517A03F002C4BDE /* Error */,
				7A1617AB25179BE0002C4BDE /* Base */,
			);
			path = Model;
			sourceTree = "<group>";
		};
		7A1617AB25179BE0002C4BDE /* Base */ = {
			isa = PBXGroup;
			children = (
				7A1617AC25179BED002C4BDE /* BaseModel.swift */,
			);
			path = Base;
			sourceTree = "<group>";
		};
		7A1617AE25179FAA002C4BDE /* ApiService */ = {
			isa = PBXGroup;
			children = (
				7A1617C02517A2D1002C4BDE /* TinderList */,
				7A1617B025179FBD002C4BDE /* Base */,
			);
			path = ApiService;
			sourceTree = "<group>";
		};
		7A1617B025179FBD002C4BDE /* Base */ = {
			isa = PBXGroup;
			children = (
				7A1617B125179FC6002C4BDE /* BaseApiService.swift */,
			);
			path = Base;
			sourceTree = "<group>";
		};
		7A1617B325179FFA002C4BDE /* Alamofire */ = {
			isa = PBXGroup;
			children = (
				7A1617B42517A005002C4BDE /* AlamofireManager.swift */,
				7A1617B62517A023002C4BDE /* NetworkRequest.swift */,
			);
			path = Alamofire;
			sourceTree = "<group>";
		};
		7A1617B82517A03F002C4BDE /* Error */ = {
			isa = PBXGroup;
			children = (
				7A1617B92517A048002C4BDE /* ErrorModel.swift */,
			);
			path = Error;
			sourceTree = "<group>";
		};
		7A1617BB2517A0BE002C4BDE /* EnumDefine */ = {
			isa = PBXGroup;
			children = (
				7A1617C32517A425002C4BDE /* Domain */,
				7A1617BC2517A0D4002C4BDE /* ErrorType.swift */,
				7A1617BE2517A0EC002C4BDE /* ApiResponseData.swift */,
				7AD274AD2518F31400AC8224 /* MenuBarItemType.swift */,
				7A52DB10251BAC6300D45169 /* LoadingDataType.swift */,
			);
			path = EnumDefine;
			sourceTree = "<group>";
		};
		7A1617C02517A2D1002C4BDE /* TinderList */ = {
			isa = PBXGroup;
			children = (
				7A1617C12517A2DF002C4BDE /* TinderListApiService.swift */,
			);
			path = TinderList;
			sourceTree = "<group>";
		};
		7A1617C32517A425002C4BDE /* Domain */ = {
			isa = PBXGroup;
			children = (
				7A1617C42517A437002C4BDE /* TinderListUriType.swift */,
			);
			path = Domain;
			sourceTree = "<group>";
		};
		7A1617C62517A65D002C4BDE /* TinderList */ = {
			isa = PBXGroup;
			children = (
				7A1617C72517A75A002C4BDE /* UserListModel.swift */,
				7A1617D92518DFDA002C4BDE /* UserModel.swift */,
				7A1617DB2518DFEF002C4BDE /* NameModel.swift */,
				7A1617DD2518E068002C4BDE /* BirthdayModel.swift */,
				7A1617DF2518E0D1002C4BDE /* LocationModel.swift */,
				7A1617E12518E0E3002C4BDE /* StreetModel.swift */,
				7A1617E32518E0FB002C4BDE /* AvatarModel.swift */,
			);
			path = TinderList;
			sourceTree = "<group>";
		};
		7A1617C92517AA80002C4BDE /* TinderList */ = {
			isa = PBXGroup;
			children = (
				7A1617CA2517AA8D002C4BDE /* TinderListViewModel.swift */,
			);
			path = TinderList;
			sourceTree = "<group>";
		};
		7A1617CC25188A86002C4BDE /* Param */ = {
			isa = PBXGroup;
			children = (
				7A1617CD25188A96002C4BDE /* UserListParam.swift */,
			);
			path = Param;
			sourceTree = "<group>";
		};
		7A1617D325188E91002C4BDE /* ErrorView */ = {
			isa = PBXGroup;
			children = (
				7A1617D425188E9C002C4BDE /* ErrorView.swift */,
			);
			path = ErrorView;
			sourceTree = "<group>";
		};
		7A1617D625189848002C4BDE /* LoadingView */ = {
			isa = PBXGroup;
			children = (
				7A1617D725189853002C4BDE /* LoadingView.swift */,
			);
			path = LoadingView;
			sourceTree = "<group>";
		};
		7A1617E52518E6E7002C4BDE /* Transform */ = {
			isa = PBXGroup;
			children = (
				7A1617E62518E6F5002C4BDE /* BirthdayTransform.swift */,
			);
			path = Transform;
			sourceTree = "<group>";
		};
		7A52DB0625190C5400D45169 /* Router */ = {
			isa = PBXGroup;
			children = (
				7A52DB0725190C6300D45169 /* AppRouter.swift */,
			);
			path = Router;
			sourceTree = "<group>";
		};
		7A52DB0B251A4CB200D45169 /* Database */ = {
			isa = PBXGroup;
			children = (
				7A52DB0C251A4CC600D45169 /* LocalFavoriteListManager.swift */,
			);
			path = Database;
			sourceTree = "<group>";
		};
		7A52DB62251CF56300D45169 /* TinderAppTests */ = {
			isa = PBXGroup;
			children = (
				7A52DB63251CF56300D45169 /* TinderAppTests.swift */,
				7A52DB65251CF56300D45169 /* Info.plist */,
				7AFE0167251D13EB00D476A8 /* TestStringExtension.swift */,
				7AFE0169251D144F00D476A8 /* TestColorExtension.swift */,
				7AFE016B251D149E00D476A8 /* TestUImageExtension.swift */,
				7AFE016D251D14CC00D476A8 /* TestFontExtension.swift */,
				7AFE016F251D14FC00D476A8 /* TestTinderListApiService.swift */,
			);
			path = TinderAppTests;
			sourceTree = "<group>";
		};
		7A815C16251D0B4400D24645 /* TinderAppUITests */ = {
			isa = PBXGroup;
			children = (
				7A815C17251D0B4400D24645 /* TinderAppUITests.swift */,
				7A815C19251D0B4400D24645 /* Info.plist */,
			);
			path = TinderAppUITests;
			sourceTree = "<group>";
		};
		7AD274AF2519041A00AC8224 /* FavoriteList */ = {
			isa = PBXGroup;
			children = (
				7AD274B02519043000AC8224 /* FavoriteListViewController.swift */,
			);
			path = FavoriteList;
			sourceTree = "<group>";
		};
		7AD274B22519045F00AC8224 /* FavoriteList */ = {
			isa = PBXGroup;
			children = (
				7AD274B32519047300AC8224 /* FavoriteListViewModel.swift */,
			);
			path = FavoriteList;
			sourceTree = "<group>";
		};
		7AD274B72519059B00AC8224 /* TinderList */ = {
			isa = PBXGroup;
			children = (
				7A1617A4251786BE002C4BDE /* MenuCollectionViewCell */,
			);
			path = TinderList;
			sourceTree = "<group>";
		};
		7AD274B8251905A400AC8224 /* FavoriteList */ = {
			isa = PBXGroup;
			children = (
				7AD274BB2519071C00AC8224 /* UserInfoTableViewCell.swift */,
			);
			path = FavoriteList;
			sourceTree = "<group>";
		};
		D5BF372A802118993301BDEA /* Pods */ = {
			isa = PBXGroup;
			children = (
				24172918F6453613C30CFB2D /* Pods-TinderApp.debug.xcconfig */,
				7D8F56152AD7B9347141043D /* Pods-TinderApp.release.xcconfig */,
				4E8948923A89F8A60D55D848 /* Pods-TinderAppTests.debug.xcconfig */,
				A6842CABE413D4BB92599889 /* Pods-TinderAppTests.release.xcconfig */,
			);
			path = Pods;
			sourceTree = "<group>";
		};
/* End PBXGroup section */

/* Begin PBXNativeTarget section */
		7A1617462517810E002C4BDE /* TinderApp */ = {
			isa = PBXNativeTarget;
			buildConfigurationList = 7A16176625178111002C4BDE /* Build configuration list for PBXNativeTarget "TinderApp" */;
			buildPhases = (
				08C5517086366634D13199C5 /* [CP] Check Pods Manifest.lock */,
				7A1617432517810E002C4BDE /* Sources */,
				7A1617442517810E002C4BDE /* Frameworks */,
				7A1617452517810E002C4BDE /* Resources */,
				D9D01F7702B07BA4B3D6F258 /* [CP] Embed Pods Frameworks */,
			);
			buildRules = (
			);
			dependencies = (
			);
			name = TinderApp;
			productName = TinderApp;
			productReference = 7A1617472517810E002C4BDE /* TinderApp.app */;
			productType = "com.apple.product-type.application";
		};
		7A52DB60251CF56300D45169 /* TinderAppTests */ = {
			isa = PBXNativeTarget;
			buildConfigurationList = 7A52DB68251CF56400D45169 /* Build configuration list for PBXNativeTarget "TinderAppTests" */;
			buildPhases = (
				34083465BBC35C32AC5AD08D /* [CP] Check Pods Manifest.lock */,
				7A52DB5D251CF56300D45169 /* Sources */,
				7A52DB5E251CF56300D45169 /* Frameworks */,
				7A52DB5F251CF56300D45169 /* Resources */,
				4825DC4357A0AB47A078A56D /* [CP] Embed Pods Frameworks */,
			);
			buildRules = (
			);
			dependencies = (
				7A52DB67251CF56300D45169 /* PBXTargetDependency */,
			);
			name = TinderAppTests;
			productName = TinderAppTests;
			productReference = 7A52DB61251CF56300D45169 /* TinderAppTests.xctest */;
			productType = "com.apple.product-type.bundle.unit-test";
		};
		7A815C14251D0B4400D24645 /* TinderAppUITests */ = {
			isa = PBXNativeTarget;
			buildConfigurationList = 7A815C1E251D0B4400D24645 /* Build configuration list for PBXNativeTarget "TinderAppUITests" */;
			buildPhases = (
				7A815C11251D0B4400D24645 /* Sources */,
				7A815C12251D0B4400D24645 /* Frameworks */,
				7A815C13251D0B4400D24645 /* Resources */,
			);
			buildRules = (
			);
			dependencies = (
				7A815C1B251D0B4400D24645 /* PBXTargetDependency */,
			);
			name = TinderAppUITests;
			productName = TinderAppUITests;
			productReference = 7A815C15251D0B4400D24645 /* TinderAppUITests.xctest */;
			productType = "com.apple.product-type.bundle.ui-testing";
		};
/* End PBXNativeTarget section */

/* Begin PBXProject section */
		7A16173F2517810E002C4BDE /* Project object */ = {
			isa = PBXProject;
			attributes = {
				LastSwiftUpdateCheck = 1140;
				LastUpgradeCheck = 1140;
				ORGANIZATIONNAME = "Ho Si Luan";
				TargetAttributes = {
					7A1617462517810E002C4BDE = {
						CreatedOnToolsVersion = 11.4.1;
						LastSwiftMigration = 1140;
					};
					7A52DB60251CF56300D45169 = {
						CreatedOnToolsVersion = 11.4.1;
						TestTargetID = 7A1617462517810E002C4BDE;
					};
					7A815C14251D0B4400D24645 = {
						CreatedOnToolsVersion = 11.4.1;
						TestTargetID = 7A1617462517810E002C4BDE;
					};
				};
			};
			buildConfigurationList = 7A1617422517810E002C4BDE /* Build configuration list for PBXProject "TinderApp" */;
			compatibilityVersion = "Xcode 9.3";
			developmentRegion = en;
			hasScannedForEncodings = 0;
			knownRegions = (
				en,
				Base,
			);
			mainGroup = 7A16173E2517810E002C4BDE;
			productRefGroup = 7A1617482517810E002C4BDE /* Products */;
			projectDirPath = "";
			projectRoot = "";
			targets = (
				7A1617462517810E002C4BDE /* TinderApp */,
				7A52DB60251CF56300D45169 /* TinderAppTests */,
				7A815C14251D0B4400D24645 /* TinderAppUITests */,
			);
		};
/* End PBXProject section */

/* Begin PBXResourcesBuildPhase section */
		7A1617452517810E002C4BDE /* Resources */ = {
			isa = PBXResourcesBuildPhase;
			buildActionMask = 2147483647;
			files = (
				7A16175725178111002C4BDE /* LaunchScreen.storyboard in Resources */,
				7A16175425178111002C4BDE /* Assets.xcassets in Resources */,
				7A1617962517849F002C4BDE /* README.md in Resources */,
				7A1617522517810E002C4BDE /* Main.storyboard in Resources */,
			);
			runOnlyForDeploymentPostprocessing = 0;
		};
		7A52DB5F251CF56300D45169 /* Resources */ = {
			isa = PBXResourcesBuildPhase;
			buildActionMask = 2147483647;
			files = (
			);
			runOnlyForDeploymentPostprocessing = 0;
		};
		7A815C13251D0B4400D24645 /* Resources */ = {
			isa = PBXResourcesBuildPhase;
			buildActionMask = 2147483647;
			files = (
			);
			runOnlyForDeploymentPostprocessing = 0;
		};
/* End PBXResourcesBuildPhase section */

/* Begin PBXShellScriptBuildPhase section */
		08C5517086366634D13199C5 /* [CP] Check Pods Manifest.lock */ = {
			isa = PBXShellScriptBuildPhase;
			buildActionMask = 2147483647;
			files = (
			);
			inputFileListPaths = (
			);
			inputPaths = (
				"${PODS_PODFILE_DIR_PATH}/Podfile.lock",
				"${PODS_ROOT}/Manifest.lock",
			);
			name = "[CP] Check Pods Manifest.lock";
			outputFileListPaths = (
			);
			outputPaths = (
				"$(DERIVED_FILE_DIR)/Pods-TinderApp-checkManifestLockResult.txt",
			);
			runOnlyForDeploymentPostprocessing = 0;
			shellPath = /bin/sh;
			shellScript = "diff \"${PODS_PODFILE_DIR_PATH}/Podfile.lock\" \"${PODS_ROOT}/Manifest.lock\" > /dev/null\nif [ $? != 0 ] ; then\n    # print error to STDERR\n    echo \"error: The sandbox is not in sync with the Podfile.lock. Run 'pod install' or update your CocoaPods installation.\" >&2\n    exit 1\nfi\n# This output is used by Xcode 'outputs' to avoid re-running this script phase.\necho \"SUCCESS\" > \"${SCRIPT_OUTPUT_FILE_0}\"\n";
			showEnvVarsInLog = 0;
		};
		34083465BBC35C32AC5AD08D /* [CP] Check Pods Manifest.lock */ = {
			isa = PBXShellScriptBuildPhase;
			buildActionMask = 2147483647;
			files = (
			);
			inputFileListPaths = (
			);
			inputPaths = (
				"${PODS_PODFILE_DIR_PATH}/Podfile.lock",
				"${PODS_ROOT}/Manifest.lock",
			);
			name = "[CP] Check Pods Manifest.lock";
			outputFileListPaths = (
			);
			outputPaths = (
				"$(DERIVED_FILE_DIR)/Pods-TinderAppTests-checkManifestLockResult.txt",
			);
			runOnlyForDeploymentPostprocessing = 0;
			shellPath = /bin/sh;
			shellScript = "diff \"${PODS_PODFILE_DIR_PATH}/Podfile.lock\" \"${PODS_ROOT}/Manifest.lock\" > /dev/null\nif [ $? != 0 ] ; then\n    # print error to STDERR\n    echo \"error: The sandbox is not in sync with the Podfile.lock. Run 'pod install' or update your CocoaPods installation.\" >&2\n    exit 1\nfi\n# This output is used by Xcode 'outputs' to avoid re-running this script phase.\necho \"SUCCESS\" > \"${SCRIPT_OUTPUT_FILE_0}\"\n";
			showEnvVarsInLog = 0;
		};
		4825DC4357A0AB47A078A56D /* [CP] Embed Pods Frameworks */ = {
			isa = PBXShellScriptBuildPhase;
			buildActionMask = 2147483647;
			files = (
			);
			inputFileListPaths = (
				"${PODS_ROOT}/Target Support Files/Pods-TinderAppTests/Pods-TinderAppTests-frameworks-${CONFIGURATION}-input-files.xcfilelist",
			);
			name = "[CP] Embed Pods Frameworks";
			outputFileListPaths = (
				"${PODS_ROOT}/Target Support Files/Pods-TinderAppTests/Pods-TinderAppTests-frameworks-${CONFIGURATION}-output-files.xcfilelist",
			);
			runOnlyForDeploymentPostprocessing = 0;
			shellPath = /bin/sh;
			shellScript = "\"${PODS_ROOT}/Target Support Files/Pods-TinderAppTests/Pods-TinderAppTests-frameworks.sh\"\n";
			showEnvVarsInLog = 0;
		};
		D9D01F7702B07BA4B3D6F258 /* [CP] Embed Pods Frameworks */ = {
			isa = PBXShellScriptBuildPhase;
			buildActionMask = 2147483647;
			files = (
			);
			inputFileListPaths = (
				"${PODS_ROOT}/Target Support Files/Pods-TinderApp/Pods-TinderApp-frameworks-${CONFIGURATION}-input-files.xcfilelist",
			);
			name = "[CP] Embed Pods Frameworks";
			outputFileListPaths = (
				"${PODS_ROOT}/Target Support Files/Pods-TinderApp/Pods-TinderApp-frameworks-${CONFIGURATION}-output-files.xcfilelist",
			);
			runOnlyForDeploymentPostprocessing = 0;
			shellPath = /bin/sh;
			shellScript = "\"${PODS_ROOT}/Target Support Files/Pods-TinderApp/Pods-TinderApp-frameworks.sh\"\n";
			showEnvVarsInLog = 0;
		};
/* End PBXShellScriptBuildPhase section */

/* Begin PBXSourcesBuildPhase section */
		7A1617432517810E002C4BDE /* Sources */ = {
			isa = PBXSourcesBuildPhase;
			buildActionMask = 2147483647;
			files = (
				7A1617C82517A75A002C4BDE /* UserListModel.swift in Sources */,
				7A52DB0D251A4CC600D45169 /* LocalFavoriteListManager.swift in Sources */,
				7AD274AA2518EE7D00AC8224 /* Date_Extension.swift in Sources */,
				7A161782251783E7002C4BDE /* IconName.swift in Sources */,
				7A52DB11251BAC6300D45169 /* LoadingDataType.swift in Sources */,
				7A1617B225179FC6002C4BDE /* BaseApiService.swift in Sources */,
				7A1617972517849F002C4BDE /* UIView+Constraint.m in Sources */,
				7A52DB0F251BAA7400D45169 /* Realm_Extension.swift in Sources */,
				7A1617BF2517A0EC002C4BDE /* ApiResponseData.swift in Sources */,
				7A16177B2517837F002C4BDE /* BaseUIView.swift in Sources */,
				7A16178D2517844E002C4BDE /* UIView_Extension.swift in Sources */,
				7A1617DA2518DFDA002C4BDE /* UserModel.swift in Sources */,
				7A1617E02518E0D1002C4BDE /* LocationModel.swift in Sources */,
				7A1617C22517A2DF002C4BDE /* TinderListApiService.swift in Sources */,
				7AD274B62519058E00AC8224 /* BaseTableViewCell.swift in Sources */,
				7A1617BA2517A048002C4BDE /* ErrorModel.swift in Sources */,
				7A161784251783F8002C4BDE /* ColorName.swift in Sources */,
				7A16174F2517810E002C4BDE /* ViewController.swift in Sources */,
				7A16177525178343002C4BDE /* BaseViewModel.swift in Sources */,
				7A1617882517841B002C4BDE /* FontName.swift in Sources */,
				7AD274BC2519071C00AC8224 /* UserInfoTableViewCell.swift in Sources */,
				7A1617B72517A023002C4BDE /* NetworkRequest.swift in Sources */,
				7A1617DC2518DFEF002C4BDE /* NameModel.swift in Sources */,
				7A1617AD25179BED002C4BDE /* BaseModel.swift in Sources */,
				7A16178A2517842A002C4BDE /* ScreenSize.swift in Sources */,
				7A1617D825189853002C4BDE /* LoadingView.swift in Sources */,
				7AD274BA251906DA00AC8224 /* MenuCollectionViewCell.swift in Sources */,
				7A1617BD2517A0D4002C4BDE /* ErrorType.swift in Sources */,
				7A1617D225188BFA002C4BDE /* String_Extension.swift in Sources */,
				7A16174B2517810E002C4BDE /* AppDelegate.swift in Sources */,
				7A16178F2517845C002C4BDE /* UIImage_Extension.swift in Sources */,
				7A1617A025178678002C4BDE /* CardListView.swift in Sources */,
				7A1617E22518E0E3002C4BDE /* StreetModel.swift in Sources */,
				7A1617862517840C002C4BDE /* DefineString.swift in Sources */,
				7A1617A32517869C002C4BDE /* MenuView.swift in Sources */,
				7A52DB0825190C6300D45169 /* AppRouter.swift in Sources */,
				7AD274B42519047300AC8224 /* FavoriteListViewModel.swift in Sources */,
				7A1617E72518E6F5002C4BDE /* BirthdayTransform.swift in Sources */,
				7A1617DE2518E068002C4BDE /* BirthdayModel.swift in Sources */,
				7A1617722517831E002C4BDE /* BaseViewController.swift in Sources */,
				7A1617D525188E9C002C4BDE /* ErrorView.swift in Sources */,
				7A52DB0A25190E5C00D45169 /* UIApplication_Extension.swift in Sources */,
				7A1617C52517A437002C4BDE /* TinderListUriType.swift in Sources */,
				7A16177D251783A5002C4BDE /* BaseCollectionViewCell.swift in Sources */,
				7A1617D025188BDF002C4BDE /* Config.swift in Sources */,
				7A1617CE25188A96002C4BDE /* UserListParam.swift in Sources */,
				7A16179D25178659002C4BDE /* CardView.swift in Sources */,
				7A16179A25178541002C4BDE /* TinderListViewController.swift in Sources */,
				7A1617E42518E0FB002C4BDE /* AvatarModel.swift in Sources */,
				7AD274B12519043000AC8224 /* FavoriteListViewController.swift in Sources */,
				7A1617CB2517AA8D002C4BDE /* TinderListViewModel.swift in Sources */,
				7A1617A8251787E5002C4BDE /* UIColor_Extension.swift in Sources */,
				7AD274AC2518EEEB00AC8224 /* DefineName.swift in Sources */,
				7A1617B52517A006002C4BDE /* AlamofireManager.swift in Sources */,
				7AD274AE2518F31400AC8224 /* MenuBarItemType.swift in Sources */,
			);
			runOnlyForDeploymentPostprocessing = 0;
		};
		7A52DB5D251CF56300D45169 /* Sources */ = {
			isa = PBXSourcesBuildPhase;
			buildActionMask = 2147483647;
			files = (
				7AFE0170251D14FC00D476A8 /* TestTinderListApiService.swift in Sources */,
				7AFE0168251D13EB00D476A8 /* TestStringExtension.swift in Sources */,
				7AFE016C251D149E00D476A8 /* TestUImageExtension.swift in Sources */,
				7AFE016E251D14CC00D476A8 /* TestFontExtension.swift in Sources */,
				7AFE016A251D144F00D476A8 /* TestColorExtension.swift in Sources */,
				7A52DB64251CF56300D45169 /* TinderAppTests.swift in Sources */,
			);
			runOnlyForDeploymentPostprocessing = 0;
		};
		7A815C11251D0B4400D24645 /* Sources */ = {
			isa = PBXSourcesBuildPhase;
			buildActionMask = 2147483647;
			files = (
				7A815C18251D0B4400D24645 /* TinderAppUITests.swift in Sources */,
			);
			runOnlyForDeploymentPostprocessing = 0;
		};
/* End PBXSourcesBuildPhase section */

/* Begin PBXTargetDependency section */
		7A52DB67251CF56300D45169 /* PBXTargetDependency */ = {
			isa = PBXTargetDependency;
			target = 7A1617462517810E002C4BDE /* TinderApp */;
			targetProxy = 7A52DB66251CF56300D45169 /* PBXContainerItemProxy */;
		};
		7A815C1B251D0B4400D24645 /* PBXTargetDependency */ = {
			isa = PBXTargetDependency;
			target = 7A1617462517810E002C4BDE /* TinderApp */;
			targetProxy = 7A815C1A251D0B4400D24645 /* PBXContainerItemProxy */;
		};
/* End PBXTargetDependency section */

/* Begin PBXVariantGroup section */
		7A1617502517810E002C4BDE /* Main.storyboard */ = {
			isa = PBXVariantGroup;
			children = (
				7A1617512517810E002C4BDE /* Base */,
			);
			name = Main.storyboard;
			sourceTree = "<group>";
		};
		7A16175525178111002C4BDE /* LaunchScreen.storyboard */ = {
			isa = PBXVariantGroup;
			children = (
				7A16175625178111002C4BDE /* Base */,
			);
			name = LaunchScreen.storyboard;
			sourceTree = "<group>";
		};
/* End PBXVariantGroup section */

/* Begin XCBuildConfiguration section */
		7A16176425178111002C4BDE /* Debug */ = {
			isa = XCBuildConfiguration;
			buildSettings = {
				ALWAYS_SEARCH_USER_PATHS = NO;
				CLANG_ANALYZER_NONNULL = YES;
				CLANG_ANALYZER_NUMBER_OBJECT_CONVERSION = YES_AGGRESSIVE;
				CLANG_CXX_LANGUAGE_STANDARD = "gnu++14";
				CLANG_CXX_LIBRARY = "libc++";
				CLANG_ENABLE_MODULES = YES;
				CLANG_ENABLE_OBJC_ARC = YES;
				CLANG_ENABLE_OBJC_WEAK = YES;
				CLANG_WARN_BLOCK_CAPTURE_AUTORELEASING = YES;
				CLANG_WARN_BOOL_CONVERSION = YES;
				CLANG_WARN_COMMA = YES;
				CLANG_WARN_CONSTANT_CONVERSION = YES;
				CLANG_WARN_DEPRECATED_OBJC_IMPLEMENTATIONS = YES;
				CLANG_WARN_DIRECT_OBJC_ISA_USAGE = YES_ERROR;
				CLANG_WARN_DOCUMENTATION_COMMENTS = YES;
				CLANG_WARN_EMPTY_BODY = YES;
				CLANG_WARN_ENUM_CONVERSION = YES;
				CLANG_WARN_INFINITE_RECURSION = YES;
				CLANG_WARN_INT_CONVERSION = YES;
				CLANG_WARN_NON_LITERAL_NULL_CONVERSION = YES;
				CLANG_WARN_OBJC_IMPLICIT_RETAIN_SELF = YES;
				CLANG_WARN_OBJC_LITERAL_CONVERSION = YES;
				CLANG_WARN_OBJC_ROOT_CLASS = YES_ERROR;
				CLANG_WARN_RANGE_LOOP_ANALYSIS = YES;
				CLANG_WARN_STRICT_PROTOTYPES = YES;
				CLANG_WARN_SUSPICIOUS_MOVE = YES;
				CLANG_WARN_UNGUARDED_AVAILABILITY = YES_AGGRESSIVE;
				CLANG_WARN_UNREACHABLE_CODE = YES;
				CLANG_WARN__DUPLICATE_METHOD_MATCH = YES;
				COPY_PHASE_STRIP = NO;
				DEBUG_INFORMATION_FORMAT = dwarf;
				ENABLE_STRICT_OBJC_MSGSEND = YES;
				ENABLE_TESTABILITY = YES;
				GCC_C_LANGUAGE_STANDARD = gnu11;
				GCC_DYNAMIC_NO_PIC = NO;
				GCC_NO_COMMON_BLOCKS = YES;
				GCC_OPTIMIZATION_LEVEL = 0;
				GCC_PREPROCESSOR_DEFINITIONS = (
					"DEBUG=1",
					"$(inherited)",
				);
				GCC_WARN_64_TO_32_BIT_CONVERSION = YES;
				GCC_WARN_ABOUT_RETURN_TYPE = YES_ERROR;
				GCC_WARN_UNDECLARED_SELECTOR = YES;
				GCC_WARN_UNINITIALIZED_AUTOS = YES_AGGRESSIVE;
				GCC_WARN_UNUSED_FUNCTION = YES;
				GCC_WARN_UNUSED_VARIABLE = YES;
				IPHONEOS_DEPLOYMENT_TARGET = 10.0;
				MTL_ENABLE_DEBUG_INFO = INCLUDE_SOURCE;
				MTL_FAST_MATH = YES;
				ONLY_ACTIVE_ARCH = YES;
				SDKROOT = iphoneos;
				SWIFT_ACTIVE_COMPILATION_CONDITIONS = DEBUG;
				SWIFT_OPTIMIZATION_LEVEL = "-Onone";
			};
			name = Debug;
		};
		7A16176525178111002C4BDE /* Release */ = {
			isa = XCBuildConfiguration;
			buildSettings = {
				ALWAYS_SEARCH_USER_PATHS = NO;
				CLANG_ANALYZER_NONNULL = YES;
				CLANG_ANALYZER_NUMBER_OBJECT_CONVERSION = YES_AGGRESSIVE;
				CLANG_CXX_LANGUAGE_STANDARD = "gnu++14";
				CLANG_CXX_LIBRARY = "libc++";
				CLANG_ENABLE_MODULES = YES;
				CLANG_ENABLE_OBJC_ARC = YES;
				CLANG_ENABLE_OBJC_WEAK = YES;
				CLANG_WARN_BLOCK_CAPTURE_AUTORELEASING = YES;
				CLANG_WARN_BOOL_CONVERSION = YES;
				CLANG_WARN_COMMA = YES;
				CLANG_WARN_CONSTANT_CONVERSION = YES;
				CLANG_WARN_DEPRECATED_OBJC_IMPLEMENTATIONS = YES;
				CLANG_WARN_DIRECT_OBJC_ISA_USAGE = YES_ERROR;
				CLANG_WARN_DOCUMENTATION_COMMENTS = YES;
				CLANG_WARN_EMPTY_BODY = YES;
				CLANG_WARN_ENUM_CONVERSION = YES;
				CLANG_WARN_INFINITE_RECURSION = YES;
				CLANG_WARN_INT_CONVERSION = YES;
				CLANG_WARN_NON_LITERAL_NULL_CONVERSION = YES;
				CLANG_WARN_OBJC_IMPLICIT_RETAIN_SELF = YES;
				CLANG_WARN_OBJC_LITERAL_CONVERSION = YES;
				CLANG_WARN_OBJC_ROOT_CLASS = YES_ERROR;
				CLANG_WARN_RANGE_LOOP_ANALYSIS = YES;
				CLANG_WARN_STRICT_PROTOTYPES = YES;
				CLANG_WARN_SUSPICIOUS_MOVE = YES;
				CLANG_WARN_UNGUARDED_AVAILABILITY = YES_AGGRESSIVE;
				CLANG_WARN_UNREACHABLE_CODE = YES;
				CLANG_WARN__DUPLICATE_METHOD_MATCH = YES;
				COPY_PHASE_STRIP = NO;
				DEBUG_INFORMATION_FORMAT = "dwarf-with-dsym";
				ENABLE_NS_ASSERTIONS = NO;
				ENABLE_STRICT_OBJC_MSGSEND = YES;
				GCC_C_LANGUAGE_STANDARD = gnu11;
				GCC_NO_COMMON_BLOCKS = YES;
				GCC_WARN_64_TO_32_BIT_CONVERSION = YES;
				GCC_WARN_ABOUT_RETURN_TYPE = YES_ERROR;
				GCC_WARN_UNDECLARED_SELECTOR = YES;
				GCC_WARN_UNINITIALIZED_AUTOS = YES_AGGRESSIVE;
				GCC_WARN_UNUSED_FUNCTION = YES;
				GCC_WARN_UNUSED_VARIABLE = YES;
				IPHONEOS_DEPLOYMENT_TARGET = 10.0;
				MTL_ENABLE_DEBUG_INFO = NO;
				MTL_FAST_MATH = YES;
				SDKROOT = iphoneos;
				SWIFT_COMPILATION_MODE = wholemodule;
				SWIFT_OPTIMIZATION_LEVEL = "-O";
				VALIDATE_PRODUCT = YES;
			};
			name = Release;
		};
		7A16176725178111002C4BDE /* Debug */ = {
			isa = XCBuildConfiguration;
			baseConfigurationReference = 24172918F6453613C30CFB2D /* Pods-TinderApp.debug.xcconfig */;
			buildSettings = {
				ASSETCATALOG_COMPILER_APPICON_NAME = AppIcon;
				CLANG_ENABLE_MODULES = YES;
				CODE_SIGN_STYLE = Automatic;
				DEVELOPMENT_TEAM = A56HU25CSB;
				INFOPLIST_FILE = TinderApp/Info.plist;
				IPHONEOS_DEPLOYMENT_TARGET = 10.0;
				LD_RUNPATH_SEARCH_PATHS = (
					"$(inherited)",
					"@executable_path/Frameworks",
				);
				PRODUCT_BUNDLE_IDENTIFIER = com.hosiluan.ios.TinderApp;
				PRODUCT_NAME = "$(TARGET_NAME)";
				SWIFT_OBJC_BRIDGING_HEADER = "TinderApp/Libraries/UIView+Constraint/TinderApp-Bridging-Header.h";
				SWIFT_OPTIMIZATION_LEVEL = "-Onone";
				SWIFT_VERSION = 5.0;
				TARGETED_DEVICE_FAMILY = "1,2";
			};
			name = Debug;
		};
		7A16176825178111002C4BDE /* Release */ = {
			isa = XCBuildConfiguration;
			baseConfigurationReference = 7D8F56152AD7B9347141043D /* Pods-TinderApp.release.xcconfig */;
			buildSettings = {
				ASSETCATALOG_COMPILER_APPICON_NAME = AppIcon;
				CLANG_ENABLE_MODULES = YES;
				CODE_SIGN_STYLE = Automatic;
				DEVELOPMENT_TEAM = A56HU25CSB;
				INFOPLIST_FILE = TinderApp/Info.plist;
				IPHONEOS_DEPLOYMENT_TARGET = 10.0;
				LD_RUNPATH_SEARCH_PATHS = (
					"$(inherited)",
					"@executable_path/Frameworks",
				);
				PRODUCT_BUNDLE_IDENTIFIER = com.hosiluan.ios.TinderApp;
				PRODUCT_NAME = "$(TARGET_NAME)";
				SWIFT_OBJC_BRIDGING_HEADER = "TinderApp/Libraries/UIView+Constraint/TinderApp-Bridging-Header.h";
				SWIFT_VERSION = 5.0;
				TARGETED_DEVICE_FAMILY = "1,2";
			};
			name = Release;
		};
		7A52DB69251CF56400D45169 /* Debug */ = {
			isa = XCBuildConfiguration;
			baseConfigurationReference = 4E8948923A89F8A60D55D848 /* Pods-TinderAppTests.debug.xcconfig */;
			buildSettings = {
				BUNDLE_LOADER = "$(TEST_HOST)";
				CODE_SIGN_STYLE = Automatic;
				DEVELOPMENT_TEAM = A56HU25CSB;
				INFOPLIST_FILE = TinderAppTests/Info.plist;
				LD_RUNPATH_SEARCH_PATHS = (
					"$(inherited)",
					"@executable_path/Frameworks",
					"@loader_path/Frameworks",
				);
				PRODUCT_BUNDLE_IDENTIFIER = com.hosiluan.ios.TinderAppTests;
				PRODUCT_NAME = "$(TARGET_NAME)";
				SWIFT_VERSION = 5.0;
				TARGETED_DEVICE_FAMILY = "1,2";
				TEST_HOST = "$(BUILT_PRODUCTS_DIR)/TinderApp.app/TinderApp";
			};
			name = Debug;
		};
		7A52DB6A251CF56400D45169 /* Release */ = {
			isa = XCBuildConfiguration;
			baseConfigurationReference = A6842CABE413D4BB92599889 /* Pods-TinderAppTests.release.xcconfig */;
			buildSettings = {
				BUNDLE_LOADER = "$(TEST_HOST)";
				CODE_SIGN_STYLE = Automatic;
				DEVELOPMENT_TEAM = A56HU25CSB;
				INFOPLIST_FILE = TinderAppTests/Info.plist;
				LD_RUNPATH_SEARCH_PATHS = (
					"$(inherited)",
					"@executable_path/Frameworks",
					"@loader_path/Frameworks",
				);
				PRODUCT_BUNDLE_IDENTIFIER = com.hosiluan.ios.TinderAppTests;
				PRODUCT_NAME = "$(TARGET_NAME)";
				SWIFT_VERSION = 5.0;
				TARGETED_DEVICE_FAMILY = "1,2";
				TEST_HOST = "$(BUILT_PRODUCTS_DIR)/TinderApp.app/TinderApp";
			};
			name = Release;
		};
		7A815C1C251D0B4400D24645 /* Debug */ = {
			isa = XCBuildConfiguration;
			buildSettings = {
				CODE_SIGN_STYLE = Automatic;
				DEVELOPMENT_TEAM = A56HU25CSB;
				INFOPLIST_FILE = TinderAppUITests/Info.plist;
				LD_RUNPATH_SEARCH_PATHS = (
					"$(inherited)",
					"@executable_path/Frameworks",
					"@loader_path/Frameworks",
				);
				PRODUCT_BUNDLE_IDENTIFIER = com.hosiluan.ios.TinderAppUITests;
				PRODUCT_NAME = "$(TARGET_NAME)";
				SWIFT_VERSION = 5.0;
				TARGETED_DEVICE_FAMILY = "1,2";
				TEST_TARGET_NAME = TinderApp;
			};
			name = Debug;
		};
		7A815C1D251D0B4400D24645 /* Release */ = {
			isa = XCBuildConfiguration;
			buildSettings = {
				CODE_SIGN_STYLE = Automatic;
				DEVELOPMENT_TEAM = A56HU25CSB;
				INFOPLIST_FILE = TinderAppUITests/Info.plist;
				LD_RUNPATH_SEARCH_PATHS = (
					"$(inherited)",
					"@executable_path/Frameworks",
					"@loader_path/Frameworks",
				);
				PRODUCT_BUNDLE_IDENTIFIER = com.hosiluan.ios.TinderAppUITests;
				PRODUCT_NAME = "$(TARGET_NAME)";
				SWIFT_VERSION = 5.0;
				TARGETED_DEVICE_FAMILY = "1,2";
				TEST_TARGET_NAME = TinderApp;
			};
			name = Release;
		};
/* End XCBuildConfiguration section */

/* Begin XCConfigurationList section */
		7A1617422517810E002C4BDE /* Build configuration list for PBXProject "TinderApp" */ = {
			isa = XCConfigurationList;
			buildConfigurations = (
				7A16176425178111002C4BDE /* Debug */,
				7A16176525178111002C4BDE /* Release */,
			);
			defaultConfigurationIsVisible = 0;
			defaultConfigurationName = Release;
		};
		7A16176625178111002C4BDE /* Build configuration list for PBXNativeTarget "TinderApp" */ = {
			isa = XCConfigurationList;
			buildConfigurations = (
				7A16176725178111002C4BDE /* Debug */,
				7A16176825178111002C4BDE /* Release */,
			);
			defaultConfigurationIsVisible = 0;
			defaultConfigurationName = Release;
		};
		7A52DB68251CF56400D45169 /* Build configuration list for PBXNativeTarget "TinderAppTests" */ = {
			isa = XCConfigurationList;
			buildConfigurations = (
				7A52DB69251CF56400D45169 /* Debug */,
				7A52DB6A251CF56400D45169 /* Release */,
			);
			defaultConfigurationIsVisible = 0;
			defaultConfigurationName = Release;
		};
		7A815C1E251D0B4400D24645 /* Build configuration list for PBXNativeTarget "TinderAppUITests" */ = {
			isa = XCConfigurationList;
			buildConfigurations = (
				7A815C1C251D0B4400D24645 /* Debug */,
				7A815C1D251D0B4400D24645 /* Release */,
			);
			defaultConfigurationIsVisible = 0;
			defaultConfigurationName = Release;
		};
/* End XCConfigurationList section */
	};
	rootObject = 7A16173F2517810E002C4BDE /* Project object */;
}
